
Microsoft Visual Studio Solution File, Format Version 12.00
# Visual Studio Version 17
VisualStudioVersion = 17.9.34616.47
MinimumVisualStudioVersion = 10.0.40219.1
Project("{FAE04EC0-301F-11D3-BF4B-00C04F79EFBC}") = "MeasurementsLib", "MeasurementsLib\MeasurementsLib.csproj", "{CC56EBFC-DF04-428C-A963-0DA4F769613D}"
EndProject
Project("{FAE04EC0-301F-11D3-BF4B-00C04F79EFBC}") = "MeasurementsLibTests", "MeasurementsLibTests\MeasurementsLibTests.csproj", "{678035C6-D503-4988-AB69-0F2AC3D86558}"
EndProject
Global
	GlobalSection(SolutionConfigurationPlatforms) = preSolution
		Debug|Any CPU = Debug|Any CPU
		Release|Any CPU = Release|Any CPU
	EndGlobalSection
	GlobalSection(ProjectConfigurationPlatforms) = postSolution
		{CC56EBFC-DF04-428C-A963-0DA4F769613D}.Debug|Any CPU.ActiveCfg = Debug|Any CPU
		{CC56EBFC-DF04-428C-A963-0DA4F769613D}.Debug|Any CPU.Build.0 = Debug|Any CPU
		{CC56EBFC-DF04-428C-A963-0DA4F769613D}.Release|Any CPU.ActiveCfg = Release|Any CPU
		{CC56EBFC-DF04-428C-A963-0DA4F769613D}.Release|Any CPU.Build.0 = Release|Any CPU
		{678035C6-D503-4988-AB69-0F2AC3D86558}.Debug|Any CPU.ActiveCfg = Debug|Any CPU
		{678035C6-D503-4988-AB69-0F2AC3D86558}.Debug|Any CPU.Build.0 = Debug|Any CPU
		{678035C6-D503-4988-AB69-0F2AC3D86558}.Release|Any CPU.ActiveCfg = Release|Any CPU
		{678035C6-D503-4988-AB69-0F2AC3D86558}.Release|Any CPU.Build.0 = Release|Any CPU
	EndGlobalSection
	GlobalSection(SolutionProperties) = preSolution
		HideSolutionNode = FALSE
	EndGlobalSection
	GlobalSection(ExtensibilityGlobals) = postSolution
		SolutionGuid = {269CD664-89DA-46EE-A1B2-0AC8191EFE0B}
	EndGlobalSection
EndGlobal
